// !$*UTF8*$!
{
	archiveVersion = 1;
	classes = {
	};
	objectVersion = 46;
	objects = {

/* Begin PBXBuildFile section */
		844E147E1C9F017700350600 /* AppDelegate.swift in Sources */ = {isa = PBXBuildFile; fileRef = 844E147D1C9F017700350600 /* AppDelegate.swift */; };
		844E14801C9F017700350600 /* RecordSoundsViewController.swift in Sources */ = {isa = PBXBuildFile; fileRef = 844E147F1C9F017700350600 /* RecordSoundsViewController.swift */; };
		844E14831C9F017700350600 /* Main.storyboard in Resources */ = {isa = PBXBuildFile; fileRef = 844E14811C9F017700350600 /* Main.storyboard */; };
		844E14851C9F017700350600 /* Assets.xcassets in Resources */ = {isa = PBXBuildFile; fileRef = 844E14841C9F017700350600 /* Assets.xcassets */; };
		844E14881C9F017700350600 /* LaunchScreen.storyboard in Resources */ = {isa = PBXBuildFile; fileRef = 844E14861C9F017700350600 /* LaunchScreen.storyboard */; };
		844E14901C9F457A00350600 /* PlaySoundsViewController.swift in Sources */ = {isa = PBXBuildFile; fileRef = 844E148F1C9F457A00350600 /* PlaySoundsViewController.swift */; };
		8463E1D91C9FECBE0055C672 /* RecordedAudio.swift in Sources */ = {isa = PBXBuildFile; fileRef = 8463E1D81C9FECBE0055C672 /* RecordedAudio.swift */; };
		8463E1DB1CA028A00055C672 /* Constants.swift in Sources */ = {isa = PBXBuildFile; fileRef = 8463E1DA1CA028A00055C672 /* Constants.swift */; };
/* End PBXBuildFile section */

/* Begin PBXFileReference section */
		844E147A1C9F017700350600 /* Pitch Perfect.app */ = {isa = PBXFileReference; explicitFileType = wrapper.application; includeInIndex = 0; path = "Pitch Perfect.app"; sourceTree = BUILT_PRODUCTS_DIR; };
		844E147D1C9F017700350600 /* AppDelegate.swift */ = {isa = PBXFileReference; lastKnownFileType = sourcecode.swift; path = AppDelegate.swift; sourceTree = "<group>"; };
		844E147F1C9F017700350600 /* RecordSoundsViewController.swift */ = {isa = PBXFileReference; lastKnownFileType = sourcecode.swift; path = RecordSoundsViewController.swift; sourceTree = "<group>"; };
		844E14821C9F017700350600 /* Base */ = {isa = PBXFileReference; lastKnownFileType = file.storyboard; name = Base; path = Base.lproj/Main.storyboard; sourceTree = "<group>"; };
		844E14841C9F017700350600 /* Assets.xcassets */ = {isa = PBXFileReference; lastKnownFileType = folder.assetcatalog; path = Assets.xcassets; sourceTree = "<group>"; };
		844E14871C9F017700350600 /* Base */ = {isa = PBXFileReference; lastKnownFileType = file.storyboard; name = Base; path = Base.lproj/LaunchScreen.storyboard; sourceTree = "<group>"; };
		844E14891C9F017700350600 /* Info.plist */ = {isa = PBXFileReference; lastKnownFileType = text.plist.xml; path = Info.plist; sourceTree = "<group>"; };
		844E148F1C9F457A00350600 /* PlaySoundsViewController.swift */ = {isa = PBXFileReference; fileEncoding = 4; lastKnownFileType = sourcecode.swift; name = PlaySoundsViewController.swift; path = ../PlaySoundsViewController.swift; sourceTree = "<group>"; };
		8463E1D81C9FECBE0055C672 /* RecordedAudio.swift */ = {isa = PBXFileReference; fileEncoding = 4; lastKnownFileType = sourcecode.swift; path = RecordedAudio.swift; sourceTree = "<group>"; };
		8463E1DA1CA028A00055C672 /* Constants.swift */ = {isa = PBXFileReference; fileEncoding = 4; lastKnownFileType = sourcecode.swift; path = Constants.swift; sourceTree = "<group>"; };
/* End PBXFileReference section */

/* Begin PBXFrameworksBuildPhase section */
		844E14771C9F017700350600 /* Frameworks */ = {
			isa = PBXFrameworksBuildPhase;
			buildActionMask = 2147483647;
			files = (
			);
			runOnlyForDeploymentPostprocessing = 0;
		};
/* End PBXFrameworksBuildPhase section */

/* Begin PBXGroup section */
		844E14711C9F017700350600 = {
			isa = PBXGroup;
			children = (
				844E147C1C9F017700350600 /* Pitch Perfect */,
				844E147B1C9F017700350600 /* Products */,
			);
			sourceTree = "<group>";
		};
		844E147B1C9F017700350600 /* Products */ = {
			isa = PBXGroup;
			children = (
				844E147A1C9F017700350600 /* Pitch Perfect.app */,
			);
			name = Products;
			sourceTree = "<group>";
		};
		844E147C1C9F017700350600 /* Pitch Perfect */ = {
			isa = PBXGroup;
			children = (
				844E148F1C9F457A00350600 /* PlaySoundsViewController.swift */,
				844E147D1C9F017700350600 /* AppDelegate.swift */,
				844E147F1C9F017700350600 /* RecordSoundsViewController.swift */,
				844E14811C9F017700350600 /* Main.storyboard */,
				844E14841C9F017700350600 /* Assets.xcassets */,
				844E14861C9F017700350600 /* LaunchScreen.storyboard */,
				844E14891C9F017700350600 /* Info.plist */,
				8463E1D81C9FECBE0055C672 /* RecordedAudio.swift */,
				8463E1DA1CA028A00055C672 /* Constants.swift */,
			);
			path = "Pitch Perfect";
			sourceTree = "<group>";
		};
/* End PBXGroup section */

/* Begin PBXNativeTarget section */
		844E14791C9F017700350600 /* Pitch Perfect */ = {
			isa = PBXNativeTarget;
			buildConfigurationList = 844E148C1C9F017700350600 /* Build configuration list for PBXNativeTarget "Pitch Perfect" */;
			buildPhases = (
				844E14761C9F017700350600 /* Sources */,
				844E14771C9F017700350600 /* Frameworks */,
				844E14781C9F017700350600 /* Resources */,
			);
			buildRules = (
			);
			dependencies = (
			);
			name = "Pitch Perfect";
			productName = "Pitch Perfect";
			productReference = 844E147A1C9F017700350600 /* Pitch Perfect.app */;
			productType = "com.apple.product-type.application";
		};
/* End PBXNativeTarget section */

/* Begin PBXProject section */
		844E14721C9F017700350600 /* Project object */ = {
			isa = PBXProject;
			attributes = {
				LastSwiftUpdateCheck = 0720;
				LastUpgradeCheck = 0720;
				ORGANIZATIONNAME = antt;
				TargetAttributes = {
					844E14791C9F017700350600 = {
						CreatedOnToolsVersion = 7.2;
					};
				};
			};
			buildConfigurationList = 844E14751C9F017700350600 /* Build configuration list for PBXProject "Pitch Perfect" */;
			compatibilityVersion = "Xcode 3.2";
			developmentRegion = English;
			hasScannedForEncodings = 0;
			knownRegions = (
				en,
				Base,
			);
			mainGroup = 844E14711C9F017700350600;
			productRefGroup = 844E147B1C9F017700350600 /* Products */;
			projectDirPath = "";
			projectRoot = "";
			targets = (
				844E14791C9F017700350600 /* Pitch Perfect */,
			);
		};
/* End PBXProject section */

/* Begin PBXResourcesBuildPhase section */
		844E14781C9F017700350600 /* Resources */ = {
			isa = PBXResourcesBuildPhase;
			buildActionMask = 2147483647;
			files = (
				844E14881C9F017700350600 /* LaunchScreen.storyboard in Resources */,
				844E14851C9F017700350600 /* Assets.xcassets in Resources */,
				844E14831C9F017700350600 /* Main.storyboard in Resources */,
			);
			runOnlyForDeploymentPostprocessing = 0;
		};
/* End PBXResourcesBuildPhase section */

/* Begin PBXSourcesBuildPhase section */
		844E14761C9F017700350600 /* Sources */ = {
			isa = PBXSourcesBuildPhase;
			buildActionMask = 2147483647;
			files = (
				8463E1DB1CA028A00055C672 /* Constants.swift in Sources */,
				8463E1D91C9FECBE0055C672 /* RecordedAudio.swift in Sources */,
				844E14801C9F017700350600 /* RecordSoundsViewController.swift in Sources */,
				844E14901C9F457A00350600 /* PlaySoundsViewController.swift in Sources */,
				844E147E1C9F017700350600 /* AppDelegate.swift in Sources */,
			);
			runOnlyForDeploymentPostprocessing = 0;
		};
/* End PBXSourcesBuildPhase section */

/* Begin PBXVariantGroup section */
		844E14811C9F017700350600 /* Main.storyboard */ = {
			isa = PBXVariantGroup;
			children = (
				844E14821C9F017700350600 /* Base */,
			);
			name = Main.storyboard;
			sourceTree = "<group>";
		};
		844E14861C9F017700350600 /* LaunchScreen.storyboard */ = {
			isa = PBXVariantGroup;
			children = (
				844E14871C9F017700350600 /* Base */,
			);
			name = LaunchScreen.storyboard;
			sourceTree = "<group>";
		};
/* End PBXVariantGroup section */

/* Begin XCBuildConfiguration section */
		844E148A1C9F017700350600 /* Debug */ = {
			isa = XCBuildConfiguration;
			buildSettings = {
				ALWAYS_SEARCH_USER_PATHS = NO;
				CLANG_CXX_LANGUAGE_STANDARD = "gnu++0x";
				CLANG_CXX_LIBRARY = "libc++";
				CLANG_ENABLE_MODULES = YES;
				CLANG_ENABLE_OBJC_ARC = YES;
				CLANG_WARN_BOOL_CONVERSION = YES;
				CLANG_WARN_CONSTANT_CONVERSION = YES;
				CLANG_WARN_DIRECT_OBJC_ISA_USAGE = YES_ERROR;
				CLANG_WARN_EMPTY_BODY = YES;
				CLANG_WARN_ENUM_CONVERSION = YES;
				CLANG_WARN_INT_CONVERSION = YES;
				CLANG_WARN_OBJC_ROOT_CLASS = YES_ERROR;
				CLANG_WARN_UNREACHABLE_CODE = YES;
				CLANG_WARN__DUPLICATE_METHOD_MATCH = YES;
				"CODE_SIGN_IDENTITY[sdk=iphoneos*]" = "iPhone Developer";
				COPY_PHASE_STRIP = NO;
				DEBUG_INFORMATION_FORMAT = dwarf;
				ENABLE_STRICT_OBJC_MSGSEND = YES;
				ENABLE_TESTABILITY = YES;
				GCC_C_LANGUAGE_STANDARD = gnu99;
				GCC_DYNAMIC_NO_PIC = NO;
				GCC_NO_COMMON_BLOCKS = YES;
				GCC_OPTIMIZATION_LEVEL = 0;
				GCC_PREPROCESSOR_DEFINITIONS = (
					"DEBUG=1",
					"$(inherited)",
				);
				GCC_WARN_64_TO_32_BIT_CONVERSION = YES;
				GCC_WARN_ABOUT_RETURN_TYPE = YES_ERROR;
				GCC_WARN_UNDECLARED_SELECTOR = YES;
				GCC_WARN_UNINITIALIZED_AUTOS = YES_AGGRESSIVE;
				GCC_WARN_UNUSED_FUNCTION = YES;
				GCC_WARN_UNUSED_VARIABLE = YES;
				IPHONEOS_DEPLOYMENT_TARGET = 9.2;
				MTL_ENABLE_DEBUG_INFO = YES;
				ONLY_ACTIVE_ARCH = YES;
				SDKROOT = iphoneos;
				SWIFT_OPTIMIZATION_LEVEL = "-Onone";
			};
			name = Debug;
		};
		844E148B1C9F017700350600 /* Release */ = {
			isa = XCBuildConfiguration;
			buildSettings = {
				ALWAYS_SEARCH_USER_PATHS = NO;
				CLANG_CXX_LANGUAGE_STANDARD = "gnu++0x";
				CLANG_CXX_LIBRARY = "libc++";
				CLANG_ENABLE_MODULES = YES;
				CLANG_ENABLE_OBJC_ARC = YES;
				CLANG_WARN_BOOL_CONVERSION = YES;
				CLANG_WARN_CONSTANT_CONVERSION = YES;
				CLANG_WARN_DIRECT_OBJC_ISA_USAGE = YES_ERROR;
				CLANG_WARN_EMPTY_BODY = YES;
				CLANG_WARN_ENUM_CONVERSION = YES;
				CLANG_WARN_INT_CONVERSION = YES;
				CLANG_WARN_OBJC_ROOT_CLASS = YES_ERROR;
				CLANG_WARN_UNREACHABLE_CODE = YES;
				CLANG_WARN__DUPLICATE_METHOD_MATCH = YES;
				"CODE_SIGN_IDENTITY[sdk=iphoneos*]" = "iPhone Developer";
				COPY_PHASE_STRIP = NO;
				DEBUG_INFORMATION_FORMAT = "dwarf-with-dsym";
				ENABLE_NS_ASSERTIONS = NO;
				ENABLE_STRICT_OBJC_MSGSEND = YES;
				GCC_C_LANGUAGE_STANDARD = gnu99;
				GCC_NO_COMMON_BLOCKS = YES;
				GCC_WARN_64_TO_32_BIT_CONVERSION = YES;
				GCC_WARN_ABOUT_RETURN_TYPE = YES_ERROR;
				GCC_WARN_UNDECLARED_SELECTOR = YES;
				GCC_WARN_UNINITIALIZED_AUTOS = YES_AGGRESSIVE;
				GCC_WARN_UNUSED_FUNCTION = YES;
				GCC_WARN_UNUSED_VARIABLE = YES;
				IPHONEOS_DEPLOYMENT_TARGET = 9.2;
				MTL_ENABLE_DEBUG_INFO = NO;
				SDKROOT = iphoneos;
				VALIDATE_PRODUCT = YES;
			};
			name = Release;
		};
		844E148D1C9F017700350600 /* Debug */ = {
			isa = XCBuildConfiguration;
			buildSettings = {
				ASSETCATALOG_COMPILER_APPICON_NAME = AppIcon;
				INFOPLIST_FILE = "Pitch Perfect/Info.plist";
				LD_RUNPATH_SEARCH_PATHS = "$(inherited) @executable_path/Frameworks";
				PRODUCT_BUNDLE_IDENTIFIER = "com.antt.Pitch-Perfect";
				PRODUCT_NAME = "$(TARGET_NAME)";
			};
			name = Debug;
		};
		844E148E1C9F017700350600 /* Release */ = {
			isa = XCBuildConfiguration;
			buildSettings = {
				ASSETCATALOG_COMPILER_APPICON_NAME = AppIcon;
				INFOPLIST_FILE = "Pitch Perfect/Info.plist";
				LD_RUNPATH_SEARCH_PATHS = "$(inherited) @executable_path/Frameworks";
				PRODUCT_BUNDLE_IDENTIFIER = "com.antt.Pitch-Perfect";
				PRODUCT_NAME = "$(TARGET_NAME)";
			};
			name = Release;
		};
/* End XCBuildConfiguration section */

/* Begin XCConfigurationList section */
		844E14751C9F017700350600 /* Build configuration list for PBXProject "Pitch Perfect" */ = {
			isa = XCConfigurationList;
			buildConfigurations = (
				844E148A1C9F017700350600 /* Debug */,
				844E148B1C9F017700350600 /* Release */,
			);
			defaultConfigurationIsVisible = 0;
			defaultConfigurationName = Release;
		};
		844E148C1C9F017700350600 /* Build configuration list for PBXNativeTarget "Pitch Perfect" */ = {
			isa = XCConfigurationList;
			buildConfigurations = (
				844E148D1C9F017700350600 /* Debug */,
				844E148E1C9F017700350600 /* Release */,
			);
			defaultConfigurationIsVisible = 0;
			defaultConfigurationName = Release;
		};
/* End XCConfigurationList section */
	};
	rootObject = 844E14721C9F017700350600 /* Project object */;
}
